#
# This file is autogenerated by pip-compile with Python 3.11
# by the following command:
#
#    pip-compile --output-file=requirements.lock requirements.txt
#
annotated-types==0.7.0
    # via pydantic
anyio==4.13.0
    # via httpx
certifi==2026.5.20
    # via
    #   httpcore
    #   httpx
    #   requests
cffi==2.0.0
    # via cryptography
charset-normalizer==3.4.7
    # via requests
cryptography==48.0.1
    # via pyjwt
deprecation==2.1.0
    # via
    #   postgrest
    #   storage3
h11==0.16.0
    # via httpcore
h2==4.3.0
    # via httpx
hpack==4.1.0
    # via h2
httpcore==1.0.9
    # via httpx
httpx[http2]==0.28.1
    # via
    #   postgrest
    #   storage3
    #   supabase
    #   supabase-auth
    #   supabase-functions
hyperframe==6.1.0
    # via h2
idna==3.18
    # via
    #   anyio
    #   httpx
    #   requests
    #   yarl
multidict==6.7.1
    # via yarl
numpy==2.4.6
    # via pandas
packaging==26.2
    # via deprecation
pandas==3.0.3
    # via -r requirements.txt
postgrest==2.31.0
    # via supabase
propcache==0.5.2
    # via yarl
pyarrow==24.0.0
    # via -r requirements.txt
pycparser==3.0
    # via cffi
pydantic==2.13.4
    # via
    #   postgrest
    #   realtime
    #   storage3
    #   supabase-auth
pydantic-core==2.46.4
    # via pydantic
pyjwt[crypto]==2.13.0
    # via supabase-auth
python-dateutil==2.9.0.post0
    # via pandas
python-dotenv==1.2.2
    # via -r requirements.txt
realtime==2.31.0
    # via supabase
requests==2.34.2
    # via -r requirements.txt
six==1.17.0
    # via python-dateutil
storage3==2.31.0
    # via supabase
strenum==0.4.15
    # via supabase-functions
supabase==2.31.0
    # via -r requirements.txt
supabase-auth==2.31.0
    # via supabase
supabase-functions==2.31.0
    # via supabase
typing-extensions==4.15.0
    # via
    #   anyio
    #   pydantic
    #   pydantic-core
    #   realtime
    #   typing-inspection
typing-inspection==0.4.2
    # via pydantic
tzdata==2026.2
    # via pandas
urllib3==2.7.0
    # via requests
websockets==15.0.1
    # via realtime
yarl==1.24.2
    # via
    #   -r requirements.txt
    #   postgrest
    #   storage3
    #   supabase
    #   supabase-functions
