#
# This file is autogenerated by pip-compile with Python 3.11
# by the following command:
#
#    pip-compile --output-file=requirements.lock requirements.txt
#
annotated-types==0.7.0
    # via pydantic
anyio==4.12.1
    # via httpx
cachetools==6.2.4
    # via pyiceberg
certifi==2026.1.4
    # via
    #   httpcore
    #   httpx
    #   requests
cffi==2.0.0
    # via cryptography
charset-normalizer==3.4.4
    # via requests
click==8.3.1
    # via pyiceberg
colorama==0.4.6
    # via click
cryptography==46.0.3
    # via pyjwt
deprecation==2.1.0
    # via
    #   postgrest
    #   storage3
fsspec==2026.1.0
    # via pyiceberg
h11==0.16.0
    # via httpcore
h2==4.3.0
    # via httpx
hpack==4.1.0
    # via h2
httpcore==1.0.9
    # via httpx
httpx[http2]==0.28.1
    # via
    #   postgrest
    #   storage3
    #   supabase
    #   supabase-auth
    #   supabase-functions
hyperframe==6.1.0
    # via h2
idna==3.11
    # via
    #   anyio
    #   httpx
    #   requests
    #   yarl
markdown-it-py==4.0.0
    # via rich
mdurl==0.1.2
    # via markdown-it-py
mmh3==5.2.0
    # via pyiceberg
multidict==6.7.0
    # via yarl
numpy==2.4.1
    # via pandas
packaging==26.0
    # via deprecation
pandas==3.0.0
    # via -r requirements.txt
postgrest==2.27.2
    # via supabase
propcache==0.4.1
    # via yarl
pyarrow==23.0.0
    # via -r requirements.txt
pycparser==3.0
    # via cffi
pydantic==2.12.5
    # via
    #   postgrest
    #   pyiceberg
    #   realtime
    #   storage3
    #   supabase-auth
pydantic-core==2.41.5
    # via pydantic
pygments==2.19.2
    # via rich
pyiceberg==0.10.0
    # via storage3
pyjwt[crypto]==2.10.1
    # via supabase-auth
pyparsing==3.3.2
    # via pyiceberg
pyroaring==1.0.3
    # via pyiceberg
python-dateutil==2.9.0.post0
    # via
    #   pandas
    #   strictyaml
python-dotenv==1.2.1
    # via -r requirements.txt
realtime==2.27.2
    # via supabase
requests==2.32.5
    # via
    #   -r requirements.txt
    #   pyiceberg
rich==14.2.0
    # via pyiceberg
six==1.17.0
    # via python-dateutil
sortedcontainers==2.4.0
    # via pyiceberg
storage3==2.27.2
    # via supabase
strenum==0.4.15
    # via supabase-functions
strictyaml==1.7.3
    # via pyiceberg
supabase==2.27.2
    # via -r requirements.txt
supabase-auth==2.27.2
    # via supabase
supabase-functions==2.27.2
    # via supabase
tenacity==9.1.2
    # via pyiceberg
typing-extensions==4.15.0
    # via
    #   anyio
    #   pydantic
    #   pydantic-core
    #   realtime
    #   typing-inspection
typing-inspection==0.4.2
    # via pydantic
tzdata==2025.3
    # via pandas
urllib3==2.6.3
    # via requests
websockets==15.0.1
    # via realtime
yarl==1.22.0
    # via
    #   postgrest
    #   storage3
    #   supabase
    #   supabase-functions
